
Microsoft Visual Studio Solution File, Format Version 12.00
# Visual Studio Version 17
VisualStudioVersion = 17.0.32014.148
MinimumVisualStudioVersion = 10.0.40219.1
Project("{9A19103F-16F7-4668-BE54-9A1E7A4F7556}") = "OctoPrint.API", "OctoPrint.API\OctoPrint.API.csproj", "{267825B9-07F5-4FFE-A517-5E5DB9A33F50}"
EndProject
Project("{FAE04EC0-301F-11D3-BF4B-00C04F79EFBC}") = "Octoprint.Tests", "Octoprint.Tests\Octoprint.Tests.csproj", "{84CB82A8-4B91-4E67-8C6A-87650BAF9942}"
EndProject
Global
	GlobalSection(SolutionConfigurationPlatforms) = preSolution
		Debug|Any CPU = Debug|Any CPU
		Release|Any CPU = Release|Any CPU
	EndGlobalSection
	GlobalSection(ProjectConfigurationPlatforms) = postSolution
		{267825B9-07F5-4FFE-A517-5E5DB9A33F50}.Debug|Any CPU.ActiveCfg = Debug|Any CPU
		{267825B9-07F5-4FFE-A517-5E5DB9A33F50}.Debug|Any CPU.Build.0 = Debug|Any CPU
		{267825B9-07F5-4FFE-A517-5E5DB9A33F50}.Release|Any CPU.ActiveCfg = Release|Any CPU
		{267825B9-07F5-4FFE-A517-5E5DB9A33F50}.Release|Any CPU.Build.0 = Release|Any CPU
		{84CB82A8-4B91-4E67-8C6A-87650BAF9942}.Debug|Any CPU.ActiveCfg = Debug|Any CPU
		{84CB82A8-4B91-4E67-8C6A-87650BAF9942}.Debug|Any CPU.Build.0 = Debug|Any CPU
		{84CB82A8-4B91-4E67-8C6A-87650BAF9942}.Release|Any CPU.ActiveCfg = Release|Any CPU
		{84CB82A8-4B91-4E67-8C6A-87650BAF9942}.Release|Any CPU.Build.0 = Release|Any CPU
	EndGlobalSection
	GlobalSection(SolutionProperties) = preSolution
		HideSolutionNode = FALSE
	EndGlobalSection
	GlobalSection(ExtensibilityGlobals) = postSolution
		SolutionGuid = {517F3A81-852B-4DAC-9ADD-5F138E8989A0}
	EndGlobalSection
EndGlobal
